{
  "version": 4,
  "terraform_version": "1.6.1",
  "serial": 83,
  "lineage": "edff541d-bc18-3171-ff86-b82df3b41a68",
  "outputs": {
    "elastic_ip": {
      "value": "d1ebwpkj3xjuhh.cloudfront.net",
      "type": "string"
    }
  },
  "resources": [
    {
      "mode": "data",
      "type": "aws_acm_certificate",
      "name": "example",
      "provider": "provider[\"registry.terraform.io/hashicorp/aws\"]",
      "instances": [
        {
          "schema_version": 0,
          "attributes": {
            "arn": "arn:aws:acm:ap-south-2:971167434350:certificate/b59f09db-c4c6-4dcd-9e31-7076f3fd961d",
            "certificate": "-----BEGIN CERTIFICATE-----\nMIIF5TCCBM2gAwIBAgIQAw306pWJ2BuBiHv4bnpN+zANBgkqhkiG9w0BAQsFADA8\nMQswCQYDVQQGEwJVUzEPMA0GA1UEChMGQW1hem9uMRwwGgYDVQQDExNBbWF6b24g\nUlNBIDIwNDggTTAyMB4XDTIzMTAxOTAwMDAwMFoXDTI0MTExNjIzNTk1OVowHjEc\nMBoGA1UEAwwTKi5kaHJ1bWlsbWVodGEudGVjaDCCASIwDQYJKoZIhvcNAQEBBQAD\nggEPADCCAQoCggEBAKN8QI5WJhYXErjLfjJfLb/itR4Pi+ocFcs2YdwU9refQ1Np\nuWksnMvcMBr/s/I25kir1cEruh4G9fbvlv7guzZhwpWGNWgiHgohes74A9Np/Wzp\nkA/WIwfjfih3OVpFyr3+xcympC9cVCpmeOIEWFtm3IDBpr8NWCX3m5a+lTexzZnU\n+Ew2p98Fg/gW2PY6AZ0dP8hhLXHjPLU1QwCfPXZ0nkOz7npW6U9YhN2vYEycu3Dv\nIads7+SAJyr7rixhtJXIxxsisNcH4Fm6jvr+kkO0HL9SjzsxEr2voEBX6fOjYa/S\nvidEWcPFtx205nQB/bPTvLPWzD1w2WkdkQOHOu0CAwEAAaOCAv8wggL7MB8GA1Ud\nIwQYMBaAFMAxUs1aUMOCfHRxzsvpnPl664LiMB0GA1UdDgQWBBSvf3a0mB7EhqVj\nQVxOhV1suMxjkDAxBgNVHREEKjAoghMqLmRocnVtaWxtZWh0YS50ZWNoghFkaHJ1\nbWlsbWVodGEudGVjaDATBgNVHSAEDDAKMAgGBmeBDAECATAOBgNVHQ8BAf8EBAMC\nBaAwHQYDVR0lBBYwFAYIKwYBBQUHAwEGCCsGAQUFBwMCMDsGA1UdHwQ0MDIwMKAu\noCyGKmh0dHA6Ly9jcmwucjJtMDIuYW1hem9udHJ1c3QuY29tL3IybTAyLmNybDB1\nBggrBgEFBQcBAQRpMGcwLQYIKwYBBQUHMAGGIWh0dHA6Ly9vY3NwLnIybTAyLmFt\nYXpvbnRydXN0LmNvbTA2BggrBgEFBQcwAoYqaHR0cDovL2NydC5yMm0wMi5hbWF6\nb250cnVzdC5jb20vcjJtMDIuY2VyMAwGA1UdEwEB/wQCMAAwggF+BgorBgEEAdZ5\nAgQCBIIBbgSCAWoBaAB2AO7N0GTV2xrOxVy3nbTNE6Iyh0Z8vOzew1FIWUZxH7Wb\nAAABi0aoGzEAAAQDAEcwRQIgPpK6c3Dko9guUDzicOykLPSmjBtoI4FOw69o2lEn\n8w4CIQDalpbdqmvLY6BB6PM02G2nv4OBUmiqYiowKV6ZeodgXgB2AEiw42vapkc0\nD+VqAvqdMOscUgHLVt0sgdm7v6s52IRzAAABi0aoG2IAAAQDAEcwRQIhAJkwY7ZH\nUZiF6700UHbALw4DSlScIPsRFj1iDD7ZOM1OAiB3cxyeB53EqMGcYoXxugSfs+Lk\nrQRDv+HZqegKcTkLtAB2ANq2v2s/tbYin5vCu1xr6HCRcWy7UYSFNL2kPTBI1/ur\nAAABi0aoGzoAAAQDAEcwRQIhAK6fRhu2Fra7B5CVae3kNxpquGbFmgeBre0hpzJv\nNAttAiACUvQtZ+X2aKhTN1CmpucHkWNvjzPq6XWzx9IxMNtTsjANBgkqhkiG9w0B\nAQsFAAOCAQEAFoiEsMR2vK+d+awFoQug3OHzWb3b2WqbSR82pJrCzdOc6xw//Mws\nkSPWYo3r11zvwLDgrJRsJ+zzLSmgaG6p/JAtDqK68QjeMllh44arKuN5NeBHnsJH\n03+/Q2XpgvBCkPviHZmEtB3hh3snSOQNvIpj8bCSyJeL3iw/9A9dOy+x3h3C13J5\n7ZPOqege+x8f6JHt66wnmU4HwpQO73i08pIR6vULMXhwi+Ios/ELJ0f31YPzzAHL\nkl9hALaKZeTrzqlo9VpPHqrCf2m4RyWMZZASXm1rna/r0DLUdl81UOXXFe8OhTKe\nHmW/gjQcy76RDy6iCw4rqzviYvMNOxvEaA==\n-----END CERTIFICATE-----\n",
            "certificate_chain": "-----BEGIN CERTIFICATE-----\nMIIEXjCCA0agAwIBAgITB3MSSkvL1E7HtTvq8ZSELToPoTANBgkqhkiG9w0BAQsF\nADA5MQswCQYDVQQGEwJVUzEPMA0GA1UEChMGQW1hem9uMRkwFwYDVQQDExBBbWF6\nb24gUm9vdCBDQSAxMB4XDTIyMDgyMzIyMjUzMFoXDTMwMDgyMzIyMjUzMFowPDEL\nMAkGA1UEBhMCVVMxDzANBgNVBAoTBkFtYXpvbjEcMBoGA1UEAxMTQW1hem9uIFJT\nQSAyMDQ4IE0wMjCCASIwDQYJKoZIhvcNAQEBBQADggEPADCCAQoCggEBALtDGMZa\nqHneKei1by6+pUPPLljTB143Si6VpEWPc6mSkFhZb/6qrkZyoHlQLbDYnI2D7hD0\nsdzEqfnuAjIsuXQLG3A8TvX6V3oFNBFVe8NlLJHvBseKY88saLwufxkZVwk74g4n\nWlNMXzla9Y5F3wwRHwMVH443xGz6UtGSZSqQ94eFx5X7Tlqt8whi8qCaKdZ5rNak\n+r9nUThOeClqFd4oXych//Rc7Y0eX1KNWHYSI1Nk31mYgiK3JvH063g+K9tHA63Z\neTgKgndlh+WI+zv7i44HepRZjA1FYwYZ9Vv/9UkC5Yz8/yU65fgjaE+wVHM4e/Yy\nC2osrPWE7gJ+dXMCAwEAAaOCAVowggFWMBIGA1UdEwEB/wQIMAYBAf8CAQAwDgYD\nVR0PAQH/BAQDAgGGMB0GA1UdJQQWMBQGCCsGAQUFBwMBBggrBgEFBQcDAjAdBgNV\nHQ4EFgQUwDFSzVpQw4J8dHHOy+mc+XrrguIwHwYDVR0jBBgwFoAUhBjMhTTsvAyU\nlC4IWZzHshBOCggwewYIKwYBBQUHAQEEbzBtMC8GCCsGAQUFBzABhiNodHRwOi8v\nb2NzcC5yb290Y2ExLmFtYXpvbnRydXN0LmNvbTA6BggrBgEFBQcwAoYuaHR0cDov\nL2NydC5yb290Y2ExLmFtYXpvbnRydXN0LmNvbS9yb290Y2ExLmNlcjA/BgNVHR8E\nODA2MDSgMqAwhi5odHRwOi8vY3JsLnJvb3RjYTEuYW1hem9udHJ1c3QuY29tL3Jv\nb3RjYTEuY3JsMBMGA1UdIAQMMAowCAYGZ4EMAQIBMA0GCSqGSIb3DQEBCwUAA4IB\nAQAtTi6Fs0Azfi+iwm7jrz+CSxHH+uHl7Law3MQSXVtR8RV53PtR6r/6gNpqlzdo\nZq4FKbADi1v9Bun8RY8D51uedRfjsbeodizeBB8nXmeyD33Ep7VATj4ozcd31YFV\nfgRhvTSxNrrTlNpWkUk0m3BMPv8sg381HhA6uEYokE5q9uws/3YkKqRiEz3TsaWm\nJqIRZhMbgAfp7O7FUwFIb7UIspogZSKxPIWJpxiPo3TcBambbVtQOcNRWz5qCQdD\nslI2yayq0n2TXoHyNCLEH8rpsJRVILFsg0jc7BaFrMnF462+ajSehgj12IidNeRN\n4zl+EoNaWdpnWndvSpAEkq2P\n-----END CERTIFICATE-----\n-----BEGIN CERTIFICATE-----\nMIIEkjCCA3qgAwIBAgITBn+USionzfP6wq4rAfkI7rnExjANBgkqhkiG9w0BAQsF\nADCBmDELMAkGA1UEBhMCVVMxEDAOBgNVBAgTB0FyaXpvbmExEzARBgNVBAcTClNj\nb3R0c2RhbGUxJTAjBgNVBAoTHFN0YXJmaWVsZCBUZWNobm9sb2dpZXMsIEluYy4x\nOzA5BgNVBAMTMlN0YXJmaWVsZCBTZXJ2aWNlcyBSb290IENlcnRpZmljYXRlIEF1\ndGhvcml0eSAtIEcyMB4XDTE1MDUyNTEyMDAwMFoXDTM3MTIzMTAxMDAwMFowOTEL\nMAkGA1UEBhMCVVMxDzANBgNVBAoTBkFtYXpvbjEZMBcGA1UEAxMQQW1hem9uIFJv\nb3QgQ0EgMTCCASIwDQYJKoZIhvcNAQEBBQADggEPADCCAQoCggEBALJ4gHHKeNXj\nca9HgFB0fW7Y14h29Jlo91ghYPl0hAEvrAIthtOgQ3pOsqTQNroBvo3bSMgHFzZM\n9O6II8c+6zf1tRn4SWiw3te5djgdYZ6k/oI2peVKVuRF4fn9tBb6dNqcmzU5L/qw\nIFAGbHrQgLKm+a/sRxmPUDgH3KKHOVj4utWp+UhnMJbulHheb4mjUcAwhmahRWa6\nVOujw5H5SNz/0egwLX0tdHA114gk957EWW67c4cX8jJGKLhD+rcdqsq08p8kDi1L\n93FcXmn/6pUCyziKrlA4b9v7LWIbxcceVOF34GfID5yHI9Y/QCB/IIDEgEw+OyQm\njgSubJrIqg0CAwEAAaOCATEwggEtMA8GA1UdEwEB/wQFMAMBAf8wDgYDVR0PAQH/\nBAQDAgGGMB0GA1UdDgQWBBSEGMyFNOy8DJSULghZnMeyEE4KCDAfBgNVHSMEGDAW\ngBScXwDfqgHXMCs4iKK4bUqc8hGRgzB4BggrBgEFBQcBAQRsMGowLgYIKwYBBQUH\nMAGGImh0dHA6Ly9vY3NwLnJvb3RnMi5hbWF6b250cnVzdC5jb20wOAYIKwYBBQUH\nMAKGLGh0dHA6Ly9jcnQucm9vdGcyLmFtYXpvbnRydXN0LmNvbS9yb290ZzIuY2Vy\nMD0GA1UdHwQ2MDQwMqAwoC6GLGh0dHA6Ly9jcmwucm9vdGcyLmFtYXpvbnRydXN0\nLmNvbS9yb290ZzIuY3JsMBEGA1UdIAQKMAgwBgYEVR0gADANBgkqhkiG9w0BAQsF\nAAOCAQEAYjdCXLwQtT6LLOkMm2xF4gcAevnFWAu5CIw+7bMlPLVvUOTNNWqnkzSW\nMiGpSESrnO09tKpzbeR/FoCJbM8oAxiDR3mjEH4wW6w7sGDgd9QIpuEdfF7Au/ma\neyKdpwAJfqxGF4PcnCZXmTA5YpaP7dreqsXMGz7KQ2hsVxa81Q4gLv7/wmpdLqBK\nbRRYh5TmOTFffHPLkIhqhBGWJ6bt2YFGpn6jcgAKUj6DiAdjd4lpFw85hdKrCEVN\n0FE6/V1dN2RMfjCyVSRCnTawXZwXgWHxyvkQAiSr6w10kY17RSlQOYiypok1JR4U\nakcjMS9cmvqtmg5iUaQqqcT5NJ0hGA==\n-----END CERTIFICATE-----\n-----BEGIN CERTIFICATE-----\nMIIEdTCCA12gAwIBAgIJAKcOSkw0grd/MA0GCSqGSIb3DQEBCwUAMGgxCzAJBgNV\nBAYTAlVTMSUwIwYDVQQKExxTdGFyZmllbGQgVGVjaG5vbG9naWVzLCBJbmMuMTIw\nMAYDVQQLEylTdGFyZmllbGQgQ2xhc3MgMiBDZXJ0aWZpY2F0aW9uIEF1dGhvcml0\neTAeFw0wOTA5MDIwMDAwMDBaFw0zNDA2MjgxNzM5MTZaMIGYMQswCQYDVQQGEwJV\nUzEQMA4GA1UECBMHQXJpem9uYTETMBEGA1UEBxMKU2NvdHRzZGFsZTElMCMGA1UE\nChMcU3RhcmZpZWxkIFRlY2hub2xvZ2llcywgSW5jLjE7MDkGA1UEAxMyU3RhcmZp\nZWxkIFNlcnZpY2VzIFJvb3QgQ2VydGlmaWNhdGUgQXV0aG9yaXR5IC0gRzIwggEi\nMA0GCSqGSIb3DQEBAQUAA4IBDwAwggEKAoIBAQDVDDrEKvlO4vW+GZdfjohTsR8/\ny8+fIBNtKTrID30892t2OGPZNmCom15cAICyL1l/9of5JUOG52kbUpqQ4XHj2C0N\nTm/2yEnZtvMaVq4rtnQU68/7JuMauh2WLmo7WJSJR1b/JaCTcFOD2oR0FMNnngRo\nOt+OQFodSk7PQ5E751bWAHDLUu57fa4657wx+UX2wmDPE1kCK4DMNEffud6QZW0C\nzyyRpqbn3oUYSXxmTqM6bam17jQuug0DuDPfR+uxa40l2ZvOgdFFRjKWcIfeAg5J\nQ4W2bHO7ZOphQazJ1FTfhy/HIrImzJ9ZVGif/L4qL8RVHHVAYBeFAlU5i38FAgMB\nAAGjgfAwge0wDwYDVR0TAQH/BAUwAwEB/zAOBgNVHQ8BAf8EBAMCAYYwHQYDVR0O\nBBYEFJxfAN+qAdcwKziIorhtSpzyEZGDMB8GA1UdIwQYMBaAFL9ft9HO3R+G9FtV\nrNzXEMIOqYjnME8GCCsGAQUFBwEBBEMwQTAcBggrBgEFBQcwAYYQaHR0cDovL28u\nc3MyLnVzLzAhBggrBgEFBQcwAoYVaHR0cDovL3guc3MyLnVzL3guY2VyMCYGA1Ud\nHwQfMB0wG6AZoBeGFWh0dHA6Ly9zLnNzMi51cy9yLmNybDARBgNVHSAECjAIMAYG\nBFUdIAAwDQYJKoZIhvcNAQELBQADggEBACMd44pXyn3pF3lM8R5V/cxTbj5HD9/G\nVfKyBDbtgB9TxF00KGu+x1X8Z+rLP3+QsjPNG1gQggL4+C/1E2DUBc7xgQjB3ad1\nl08YuW3e95ORCLp+QCztweq7dp4zBncdDQh/U90bZKuCJ/Fp1U1ervShw3WnWEQt\n8jxwmKy6abaVd38PMV4s/KCHOkdp8Hlf9BRUpJVeEXgSYCfOn8J3/yNTd126/+pZ\n59vPr5KW7ySaNRB6nJHGDn2Z9j8Z3/VyVOEVqQdZe4O/Ui5GjLIAZHYcSNPYeehu\nVsyuLAOQ1xk4meTKCRlb/weWsKh/NEnfVqn3sF/tM+2MR7cwA130A4w=\n-----END CERTIFICATE-----\n",
            "domain": "*.dhrumilmehta.tech",
            "id": "arn:aws:acm:ap-south-2:971167434350:certificate/b59f09db-c4c6-4dcd-9e31-7076f3fd961d",
            "key_types": null,
            "most_recent": false,
            "status": "ISSUED",
            "statuses": null,
            "tags": {},
            "types": null
          },
          "sensitive_attributes": []
        }
      ]
    },
    {
      "mode": "data",
      "type": "aws_cloudfront_cache_policy",
      "name": "cache_policy",
      "provider": "provider[\"registry.terraform.io/hashicorp/aws\"]",
      "instances": [
        {
          "schema_version": 0,
          "attributes": {
            "comment": "Policy with caching enabled. Supports Gzip and Brotli compression.",
            "default_ttl": 86400,
            "etag": "E23ZP02F085DFQ",
            "id": "658327ea-f89d-4fab-a63d-7e88639e58f6",
            "max_ttl": 31536000,
            "min_ttl": 1,
            "name": "Managed-CachingOptimized",
            "parameters_in_cache_key_and_forwarded_to_origin": [
              {
                "cookies_config": [
                  {
                    "cookie_behavior": "none",
                    "cookies": []
                  }
                ],
                "enable_accept_encoding_brotli": true,
                "enable_accept_encoding_gzip": true,
                "headers_config": [
                  {
                    "header_behavior": "none",
                    "headers": []
                  }
                ],
                "query_strings_config": [
                  {
                    "query_string_behavior": "none",
                    "query_strings": []
                  }
                ]
              }
            ]
          },
          "sensitive_attributes": []
        }
      ]
    },
    {
      "mode": "data",
      "type": "aws_iam_policy_document",
      "name": "read_gitbook_bucket",
      "provider": "provider[\"registry.terraform.io/hashicorp/aws\"]",
      "instances": [
        {
          "schema_version": 0,
          "attributes": {
            "id": "4007982328",
            "json": "{\n  \"Version\": \"2012-10-17\",\n  \"Statement\": [\n    {\n      \"Effect\": \"Allow\",\n      \"Action\": \"s3:GetObject\",\n      \"Resource\": \"arn:aws:s3:::mind.dhrumilmehta.tech/*\",\n      \"Principal\": {\n        \"AWS\": \"arn:aws:iam::cloudfront:user/CloudFront Origin Access Identity E1PX2YX70G5CHH\"\n      }\n    },\n    {\n      \"Effect\": \"Allow\",\n      \"Action\": \"s3:ListBucket\",\n      \"Resource\": \"arn:aws:s3:::mind.dhrumilmehta.tech\",\n      \"Principal\": {\n        \"AWS\": \"arn:aws:iam::cloudfront:user/CloudFront Origin Access Identity E1PX2YX70G5CHH\"\n      }\n    }\n  ]\n}",
            "override_policy_documents": null,
            "policy_id": null,
            "source_policy_documents": null,
            "statement": [
              {
                "actions": [
                  "s3:GetObject"
                ],
                "condition": [],
                "effect": "Allow",
                "not_actions": [],
                "not_principals": [],
                "not_resources": [],
                "principals": [
                  {
                    "identifiers": [
                      "arn:aws:iam::cloudfront:user/CloudFront Origin Access Identity E1PX2YX70G5CHH"
                    ],
                    "type": "AWS"
                  }
                ],
                "resources": [
                  "arn:aws:s3:::mind.dhrumilmehta.tech/*"
                ],
                "sid": ""
              },
              {
                "actions": [
                  "s3:ListBucket"
                ],
                "condition": [],
                "effect": "Allow",
                "not_actions": [],
                "not_principals": [],
                "not_resources": [],
                "principals": [
                  {
                    "identifiers": [
                      "arn:aws:iam::cloudfront:user/CloudFront Origin Access Identity E1PX2YX70G5CHH"
                    ],
                    "type": "AWS"
                  }
                ],
                "resources": [
                  "arn:aws:s3:::mind.dhrumilmehta.tech"
                ],
                "sid": ""
              }
            ],
            "version": "2012-10-17"
          },
          "sensitive_attributes": []
        }
      ]
    },
    {
      "mode": "data",
      "type": "aws_route53_zone",
      "name": "example",
      "provider": "provider[\"registry.terraform.io/hashicorp/aws\"]",
      "instances": [
        {
          "schema_version": 0,
          "attributes": {
            "arn": "arn:aws:route53:::hostedzone/Z028110315V9K8X67J0AR",
            "caller_reference": "aca35312-b3da-41b0-b18d-5440b5c644d0",
            "comment": "",
            "id": "Z028110315V9K8X67J0AR",
            "linked_service_description": null,
            "linked_service_principal": null,
            "name": "dhrumilmehta.tech",
            "name_servers": [
              "ns-1365.awsdns-42.org",
              "ns-130.awsdns-16.com",
              "ns-1662.awsdns-15.co.uk",
              "ns-722.awsdns-26.net"
            ],
            "primary_name_server": "ns-1365.awsdns-42.org",
            "private_zone": false,
            "resource_record_set_count": 4,
            "tags": {},
            "vpc_id": null,
            "zone_id": "Z028110315V9K8X67J0AR"
          },
          "sensitive_attributes": []
        }
      ]
    },
    {
      "mode": "managed",
      "type": "aws_cloudfront_distribution",
      "name": "s3_distribution",
      "provider": "provider[\"registry.terraform.io/hashicorp/aws\"]",
      "instances": [
        {
          "schema_version": 1,
          "attributes": {
            "aliases": [
              "mind.dhrumilmehta.tech"
            ],
            "arn": "arn:aws:cloudfront::971167434350:distribution/E3VZQFWRD5R1KG",
            "caller_reference": "terraform-20231019114743482800000002",
            "comment": null,
            "continuous_deployment_policy_id": "",
            "custom_error_response": [
              {
                "error_caching_min_ttl": 0,
                "error_code": 403,
                "response_code": 200,
                "response_page_path": "/index.html"
              }
            ],
            "default_cache_behavior": [
              {
                "allowed_methods": [
                  "DELETE",
                  "GET",
                  "HEAD",
                  "OPTIONS",
                  "PATCH",
                  "POST",
                  "PUT"
                ],
                "cache_policy_id": "658327ea-f89d-4fab-a63d-7e88639e58f6",
                "cached_methods": [
                  "GET",
                  "HEAD"
                ],
                "compress": false,
                "default_ttl": 0,
                "field_level_encryption_id": "",
                "forwarded_values": [],
                "function_association": [],
                "lambda_function_association": [],
                "max_ttl": 0,
                "min_ttl": 0,
                "origin_request_policy_id": "",
                "realtime_log_config_arn": "",
                "response_headers_policy_id": "",
                "smooth_streaming": false,
                "target_origin_id": "myS3Origin",
                "trusted_key_groups": [],
                "trusted_signers": [],
                "viewer_protocol_policy": "redirect-to-https"
              }
            ],
            "default_root_object": "",
            "domain_name": "d1ebwpkj3xjuhh.cloudfront.net",
            "enabled": true,
            "etag": "E2GMSLZ0R2ZQOI",
            "hosted_zone_id": "Z2FDTNDATAQYW2",
            "http_version": "http2",
            "id": "E3VZQFWRD5R1KG",
            "in_progress_validation_batches": 0,
            "is_ipv6_enabled": false,
            "last_modified_time": "2023-10-19 12:24:09.19 +0000 UTC",
            "logging_config": [],
            "ordered_cache_behavior": [],
            "origin": [
              {
                "connection_attempts": 3,
                "connection_timeout": 10,
                "custom_header": [],
                "custom_origin_config": [],
                "domain_name": "mind.dhrumilmehta.tech.s3.ap-south-2.amazonaws.com",
                "origin_access_control_id": "",
                "origin_id": "myS3Origin",
                "origin_path": "",
                "origin_shield": [],
                "s3_origin_config": [
                  {
                    "origin_access_identity": "origin-access-identity/cloudfront/E1PX2YX70G5CHH"
                  }
                ]
              }
            ],
            "origin_group": [],
            "price_class": "PriceClass_All",
            "restrictions": [
              {
                "geo_restriction": [
                  {
                    "locations": [],
                    "restriction_type": "none"
                  }
                ]
              }
            ],
            "retain_on_delete": false,
            "staging": false,
            "status": "Deployed",
            "tags": {
              "Environment": "staging"
            },
            "tags_all": {
              "Environment": "staging"
            },
            "trusted_key_groups": [
              {
                "enabled": false,
                "items": []
              }
            ],
            "trusted_signers": [
              {
                "enabled": false,
                "items": []
              }
            ],
            "viewer_certificate": [
              {
                "acm_certificate_arn": "arn:aws:acm:us-east-1:971167434350:certificate/f83f99f1-0404-4717-a6c0-3233ccd70c61",
                "cloudfront_default_certificate": false,
                "iam_certificate_id": "",
                "minimum_protocol_version": "TLSv1",
                "ssl_support_method": "sni-only"
              }
            ],
            "wait_for_deployment": true,
            "web_acl_id": ""
          },
          "sensitive_attributes": [],
          "private": "eyJzY2hlbWFfdmVyc2lvbiI6IjEifQ==",
          "dependencies": [
            "aws_cloudfront_origin_access_identity.example",
            "aws_s3_bucket.example_bucket",
            "data.aws_cloudfront_cache_policy.cache_policy"
          ]
        }
      ]
    },
    {
      "mode": "managed",
      "type": "aws_cloudfront_origin_access_identity",
      "name": "example",
      "provider": "provider[\"registry.terraform.io/hashicorp/aws\"]",
      "instances": [
        {
          "schema_version": 0,
          "attributes": {
            "caller_reference": "terraform-20231019114740333600000001",
            "cloudfront_access_identity_path": "origin-access-identity/cloudfront/E1PX2YX70G5CHH",
            "comment": "Some comment",
            "etag": "E31R88DOCRG9L7",
            "iam_arn": "arn:aws:iam::cloudfront:user/CloudFront Origin Access Identity E1PX2YX70G5CHH",
            "id": "E1PX2YX70G5CHH",
            "s3_canonical_user_id": "b551859d1a7d53df528fc22cc6edccb85afe4b69e8a6d7a67c6e727587cdc4365952f630cd4dd87cb251b0ab09e105e8"
          },
          "sensitive_attributes": [],
          "private": "bnVsbA=="
        }
      ]
    },
    {
      "mode": "managed",
      "type": "aws_route53_record",
      "name": "api",
      "provider": "provider[\"registry.terraform.io/hashicorp/aws\"]",
      "instances": [
        {
          "schema_version": 2,
          "attributes": {
            "alias": [
              {
                "evaluate_target_health": false,
                "name": "d1ebwpkj3xjuhh.cloudfront.net",
                "zone_id": "Z2FDTNDATAQYW2"
              }
            ],
            "allow_overwrite": null,
            "cidr_routing_policy": [],
            "failover_routing_policy": [],
            "fqdn": "mind.dhrumilmehta.tech",
            "geolocation_routing_policy": [],
            "health_check_id": "",
            "id": "Z028110315V9K8X67J0AR_mind.dhrumilmehta.tech_A",
            "latency_routing_policy": [],
            "multivalue_answer_routing_policy": false,
            "name": "mind.dhrumilmehta.tech",
            "records": null,
            "set_identifier": "",
            "ttl": 0,
            "type": "A",
            "weighted_routing_policy": [],
            "zone_id": "Z028110315V9K8X67J0AR"
          },
          "sensitive_attributes": [],
          "private": "eyJzY2hlbWFfdmVyc2lvbiI6IjIifQ==",
          "dependencies": [
            "aws_cloudfront_distribution.s3_distribution",
            "aws_cloudfront_origin_access_identity.example",
            "aws_s3_bucket.example_bucket",
            "data.aws_cloudfront_cache_policy.cache_policy",
            "data.aws_route53_zone.example"
          ]
        }
      ]
    },
    {
      "mode": "managed",
      "type": "aws_s3_bucket",
      "name": "example_bucket",
      "provider": "provider[\"registry.terraform.io/hashicorp/aws\"]",
      "instances": [
        {
          "schema_version": 0,
          "attributes": {
            "acceleration_status": null,
            "acl": null,
            "arn": "arn:aws:s3:::mind.dhrumilmehta.tech",
            "bucket": "mind.dhrumilmehta.tech",
            "bucket_domain_name": "mind.dhrumilmehta.tech.s3.amazonaws.com",
            "bucket_prefix": "",
            "bucket_regional_domain_name": "mind.dhrumilmehta.tech.s3.ap-south-2.amazonaws.com",
            "cors_rule": [
              {
                "allowed_headers": [
                  "*"
                ],
                "allowed_methods": [
                  "POST",
                  "GET",
                  "DELETE",
                  "PUT"
                ],
                "allowed_origins": [
                  "*"
                ],
                "expose_headers": [],
                "max_age_seconds": 3000
              }
            ],
            "force_destroy": false,
            "grant": [
              {
                "id": "5f09b90436e9a7f9c504e60070b4a589e3ac768e59bcf31c77170c00b5d88b23",
                "permissions": [
                  "FULL_CONTROL"
                ],
                "type": "CanonicalUser",
                "uri": ""
              }
            ],
            "hosted_zone_id": "Z02976202B4EZMXIPMXF7",
            "id": "mind.dhrumilmehta.tech",
            "lifecycle_rule": [],
            "logging": [],
            "object_lock_configuration": [],
            "object_lock_enabled": false,
            "policy": "{\"Statement\":[{\"Action\":\"s3:GetObject\",\"Effect\":\"Allow\",\"Principal\":{\"AWS\":\"arn:aws:iam::cloudfront:user/CloudFront Origin Access Identity E1PX2YX70G5CHH\"},\"Resource\":\"arn:aws:s3:::mind.dhrumilmehta.tech/*\"},{\"Action\":\"s3:ListBucket\",\"Effect\":\"Allow\",\"Principal\":{\"AWS\":\"arn:aws:iam::cloudfront:user/CloudFront Origin Access Identity E1PX2YX70G5CHH\"},\"Resource\":\"arn:aws:s3:::mind.dhrumilmehta.tech\"}],\"Version\":\"2012-10-17\"}",
            "region": "ap-south-2",
            "replication_configuration": [],
            "request_payer": "BucketOwner",
            "server_side_encryption_configuration": [
              {
                "rule": [
                  {
                    "apply_server_side_encryption_by_default": [
                      {
                        "kms_master_key_id": "",
                        "sse_algorithm": "AES256"
                      }
                    ],
                    "bucket_key_enabled": false
                  }
                ]
              }
            ],
            "tags": {},
            "tags_all": {},
            "timeouts": null,
            "versioning": [
              {
                "enabled": false,
                "mfa_delete": false
              }
            ],
            "website": [],
            "website_domain": null,
            "website_endpoint": null
          },
          "sensitive_attributes": [],
          "private": "eyJlMmJmYjczMC1lY2FhLTExZTYtOGY4OC0zNDM2M2JjN2M0YzAiOnsiY3JlYXRlIjoxMjAwMDAwMDAwMDAwLCJkZWxldGUiOjM2MDAwMDAwMDAwMDAsInJlYWQiOjEyMDAwMDAwMDAwMDAsInVwZGF0ZSI6MTIwMDAwMDAwMDAwMH19"
        }
      ]
    },
    {
      "mode": "managed",
      "type": "aws_s3_bucket_cors_configuration",
      "name": "example_cors_rule",
      "provider": "provider[\"registry.terraform.io/hashicorp/aws\"]",
      "instances": [
        {
          "schema_version": 0,
          "attributes": {
            "bucket": "mind.dhrumilmehta.tech",
            "cors_rule": [
              {
                "allowed_headers": [
                  "*"
                ],
                "allowed_methods": [
                  "DELETE",
                  "GET",
                  "POST",
                  "PUT"
                ],
                "allowed_origins": [
                  "*"
                ],
                "expose_headers": [
                  ""
                ],
                "id": "",
                "max_age_seconds": 3000
              }
            ],
            "expected_bucket_owner": "",
            "id": "mind.dhrumilmehta.tech"
          },
          "sensitive_attributes": [],
          "private": "bnVsbA==",
          "dependencies": [
            "aws_s3_bucket.example_bucket"
          ]
        }
      ]
    },
    {
      "mode": "managed",
      "type": "aws_s3_bucket_policy",
      "name": "read_gitbook",
      "provider": "provider[\"registry.terraform.io/hashicorp/aws\"]",
      "instances": [
        {
          "schema_version": 0,
          "attributes": {
            "bucket": "mind.dhrumilmehta.tech",
            "id": "mind.dhrumilmehta.tech",
            "policy": "{\"Statement\":[{\"Action\":\"s3:GetObject\",\"Effect\":\"Allow\",\"Principal\":{\"AWS\":\"arn:aws:iam::cloudfront:user/CloudFront Origin Access Identity E1PX2YX70G5CHH\"},\"Resource\":\"arn:aws:s3:::mind.dhrumilmehta.tech/*\"},{\"Action\":\"s3:ListBucket\",\"Effect\":\"Allow\",\"Principal\":{\"AWS\":\"arn:aws:iam::cloudfront:user/CloudFront Origin Access Identity E1PX2YX70G5CHH\"},\"Resource\":\"arn:aws:s3:::mind.dhrumilmehta.tech\"}],\"Version\":\"2012-10-17\"}"
          },
          "sensitive_attributes": [],
          "private": "bnVsbA==",
          "dependencies": [
            "aws_cloudfront_origin_access_identity.example",
            "aws_s3_bucket.example_bucket",
            "data.aws_iam_policy_document.read_gitbook_bucket"
          ]
        }
      ]
    }
  ],
  "check_results": null
}
